
Microsoft Visual Studio Solution File, Format Version 12.00
# Visual Studio Version 17
VisualStudioVersion = 17.13.35919.96 d17.13
MinimumVisualStudioVersion = 10.0.40219.1
Project("{FAE04EC0-301F-11D3-BF4B-00C04F79EFBC}") = "Dto", "Dto\Dto.csproj", "{4C78BC3A-31FE-43EA-942F-1C1E7F35D6C0}"
EndProject
Global
	GlobalSection(SolutionConfigurationPlatforms) = preSolution
		Debug|Any CPU = Debug|Any CPU
		Release|Any CPU = Release|Any CPU
	EndGlobalSection
	GlobalSection(ProjectConfigurationPlatforms) = postSolution
		{4C78BC3A-31FE-43EA-942F-1C1E7F35D6C0}.Debug|Any CPU.ActiveCfg = Debug|Any CPU
		{4C78BC3A-31FE-43EA-942F-1C1E7F35D6C0}.Debug|Any CPU.Build.0 = Debug|Any CPU
		{4C78BC3A-31FE-43EA-942F-1C1E7F35D6C0}.Release|Any CPU.ActiveCfg = Release|Any CPU
		{4C78BC3A-31FE-43EA-942F-1C1E7F35D6C0}.Release|Any CPU.Build.0 = Release|Any CPU
	EndGlobalSection
	GlobalSection(SolutionProperties) = preSolution
		HideSolutionNode = FALSE
	EndGlobalSection
	GlobalSection(ExtensibilityGlobals) = postSolution
		SolutionGuid = {0607E54F-4508-465A-B0A6-9803DF775D2E}
	EndGlobalSection
EndGlobal
